
Microsoft Visual Studio Solution File, Format Version 12.00
# Visual Studio Version 17
VisualStudioVersion = 17.0.31912.275
MinimumVisualStudioVersion = 10.0.40219.1
Project("{FAE04EC0-301F-11D3-BF4B-00C04F79EFBC}") = "ContinuousMeanCalculator", "ContinuousMeanCalculator\ContinuousMeanCalculator.csproj", "{6B8E49DA-CA26-48D1-BC55-8FCDD017C15D}"
EndProject
Global
	GlobalSection(SolutionConfigurationPlatforms) = preSolution
		Debug|Any CPU = Debug|Any CPU
		Release|Any CPU = Release|Any CPU
	EndGlobalSection
	GlobalSection(ProjectConfigurationPlatforms) = postSolution
		{6B8E49DA-CA26-48D1-BC55-8FCDD017C15D}.Debug|Any CPU.ActiveCfg = Debug|Any CPU
		{6B8E49DA-CA26-48D1-BC55-8FCDD017C15D}.Debug|Any CPU.Build.0 = Debug|Any CPU
		{6B8E49DA-CA26-48D1-BC55-8FCDD017C15D}.Release|Any CPU.ActiveCfg = Release|Any CPU
		{6B8E49DA-CA26-48D1-BC55-8FCDD017C15D}.Release|Any CPU.Build.0 = Release|Any CPU
	EndGlobalSection
	GlobalSection(SolutionProperties) = preSolution
		HideSolutionNode = FALSE
	EndGlobalSection
	GlobalSection(ExtensibilityGlobals) = postSolution
		SolutionGuid = {6289D470-0F38-47FD-9275-A1E1AD118679}
	EndGlobalSection
EndGlobal
